// !$*UTF8*$!
{
	archiveVersion = 1;
	classes = {
	};
	objectVersion = 50;
	objects = {

/* Begin PBXBuildFile section */
		EB3E96862181C7A9003CE3DB /* JuCacheAdapter.m in Sources */ = {isa = PBXBuildFile; fileRef = EB3E96822181C7A9003CE3DB /* JuCacheAdapter.m */; };
		EB3E96872181C7A9003CE3DB /* JUURLCache.m in Sources */ = {isa = PBXBuildFile; fileRef = EB3E96832181C7A9003CE3DB /* JUURLCache.m */; };
		EB5993F6219D17150029AFE3 /* JuClockView.m in Sources */ = {isa = PBXBuildFile; fileRef = EB5993F5219D17150029AFE3 /* JuClockView.m */; };
		EB599401219D57210029AFE3 /* UIView+JuLayout.m in Sources */ = {isa = PBXBuildFile; fileRef = EB5993FA219D57200029AFE3 /* UIView+JuLayout.m */; };
		EB599402219D57210029AFE3 /* JuLayout.m in Sources */ = {isa = PBXBuildFile; fileRef = EB5993FB219D57200029AFE3 /* JuLayout.m */; };
		EB599403219D57210029AFE3 /* UIView+JuConstraint.m in Sources */ = {isa = PBXBuildFile; fileRef = EB5993FC219D57200029AFE3 /* UIView+JuConstraint.m */; };
		EB599404219D57210029AFE3 /* UIView+JuLayGroup.m in Sources */ = {isa = PBXBuildFile; fileRef = EB5993FD219D57200029AFE3 /* UIView+JuLayGroup.m */; };
		EB88D4252154C29000BA082B /* AppDelegate.m in Sources */ = {isa = PBXBuildFile; fileRef = EB88D4242154C29000BA082B /* AppDelegate.m */; };
		EB88D4282154C29000BA082B /* ViewController.m in Sources */ = {isa = PBXBuildFile; fileRef = EB88D4272154C29000BA082B /* ViewController.m */; };
		EB88D42B2154C29000BA082B /* Main.storyboard in Resources */ = {isa = PBXBuildFile; fileRef = EB88D4292154C29000BA082B /* Main.storyboard */; };
		EB88D42D2154C29200BA082B /* Assets.xcassets in Resources */ = {isa = PBXBuildFile; fileRef = EB88D42C2154C29200BA082B /* Assets.xcassets */; };
		EB88D4302154C29200BA082B /* LaunchScreen.storyboard in Resources */ = {isa = PBXBuildFile; fileRef = EB88D42E2154C29200BA082B /* LaunchScreen.storyboard */; };
		EB88D4332154C29200BA082B /* main.m in Sources */ = {isa = PBXBuildFile; fileRef = EB88D4322154C29200BA082B /* main.m */; };
		EB88D43B2154CAC400BA082B /* JuChangMethod.m in Sources */ = {isa = PBXBuildFile; fileRef = EB88D43A2154CAC400BA082B /* JuChangMethod.m */; };
		EB88D43E2154DBD800BA082B /* JuFirstView.m in Sources */ = {isa = PBXBuildFile; fileRef = EB88D43D2154DBD800BA082B /* JuFirstView.m */; };
		EB9D865E216DE5C400B75BA4 /* JuRSAEncrypt.m in Sources */ = {isa = PBXBuildFile; fileRef = EB9D865D216DE5C400B75BA4 /* JuRSAEncrypt.m */; };
		EB9D866B216DEDD400B75BA4 /* rsaCert.crt in Resources */ = {isa = PBXBuildFile; fileRef = EB9D8665216DEDD400B75BA4 /* rsaCert.crt */; };
		EB9D866C216DEDD400B75BA4 /* rsa_public_key.pem in Resources */ = {isa = PBXBuildFile; fileRef = EB9D8666216DEDD400B75BA4 /* rsa_public_key.pem */; };
		EB9D866D216DEDD400B75BA4 /* rsaCerReq.csr in Resources */ = {isa = PBXBuildFile; fileRef = EB9D8667216DEDD400B75BA4 /* rsaCerReq.csr */; };
		EB9D866E216DEDD400B75BA4 /* pkcs8_private_key.pem in Resources */ = {isa = PBXBuildFile; fileRef = EB9D8668216DEDD400B75BA4 /* pkcs8_private_key.pem */; };
		EB9D866F216DEDD400B75BA4 /* public_key.der in Resources */ = {isa = PBXBuildFile; fileRef = EB9D8669216DEDD400B75BA4 /* public_key.der */; };
		EB9D8670216DEDD400B75BA4 /* private_key.p12 in Resources */ = {isa = PBXBuildFile; fileRef = EB9D866A216DEDD400B75BA4 /* private_key.p12 */; };
		EB9D8673216DF27C00B75BA4 /* JuTestEncrypt.m in Sources */ = {isa = PBXBuildFile; fileRef = EB9D8672216DF27C00B75BA4 /* JuTestEncrypt.m */; };
		EB9D8675216DF2AB00B75BA4 /* ios使用rsa加解密 .pdf in Resources */ = {isa = PBXBuildFile; fileRef = EB9D8674216DF2AB00B75BA4 /* ios使用rsa加解密 .pdf */; };
		EB9E1D80218946FF00B1885F /* 动效.gif in Resources */ = {isa = PBXBuildFile; fileRef = EB9E1D7F218946FF00B1885F /* 动效.gif */; };
		EBA616A12182E14200F5E1AB /* JUCollectionViewLayout.m in Sources */ = {isa = PBXBuildFile; fileRef = EBA616A02182E14200F5E1AB /* JUCollectionViewLayout.m */; };
		EBA616A42182E15E00F5E1AB /* JuCollectionViewFlowLayout.m in Sources */ = {isa = PBXBuildFile; fileRef = EBA616A32182E15E00F5E1AB /* JuCollectionViewFlowLayout.m */; };
		EBA8D58C219E69DD006F848A /* colock.jpeg in Resources */ = {isa = PBXBuildFile; fileRef = EBA8D58B219E69DC006F848A /* colock.jpeg */; };
		EBAC0D52216C443C00B610B1 /* TestView.m in Sources */ = {isa = PBXBuildFile; fileRef = EBAC0D4E216C443C00B610B1 /* TestView.m */; };
		EBAC0D53216C443C00B610B1 /* JuDrawView.m in Sources */ = {isa = PBXBuildFile; fileRef = EBAC0D50216C443C00B610B1 /* JuDrawView.m */; };
		EBAC0D54216C443C00B610B1 /* JuDrawPumpkin.m in Sources */ = {isa = PBXBuildFile; fileRef = EBAC0D51216C443C00B610B1 /* JuDrawPumpkin.m */; };
		EBAC0D5B216C44E300B610B1 /* ObjcMsgResolve.m in Sources */ = {isa = PBXBuildFile; fileRef = EBAC0D5A216C44E300B610B1 /* ObjcMsgResolve.m */; };
		EBAC0D5E216C4A6600B610B1 /* JuMsgSupObjc.m in Sources */ = {isa = PBXBuildFile; fileRef = EBAC0D5D216C4A6600B610B1 /* JuMsgSupObjc.m */; };
		EBAC0D61216C584700B610B1 /* JuResloveOjc.m in Sources */ = {isa = PBXBuildFile; fileRef = EBAC0D60216C584700B610B1 /* JuResloveOjc.m */; };
		EBAC0D65216C89C100B610B1 /* JuArithmetic.m in Sources */ = {isa = PBXBuildFile; fileRef = EBAC0D64216C89C100B610B1 /* JuArithmetic.m */; };
		EBBC2B2C219A767500BD3EEE /* JuCollectionViewController.m in Sources */ = {isa = PBXBuildFile; fileRef = EBBC2B2B219A767500BD3EEE /* JuCollectionViewController.m */; };
		EBBC2B2F219A769900BD3EEE /* JuCollectionViewLayout.m in Sources */ = {isa = PBXBuildFile; fileRef = EBBC2B2E219A769900BD3EEE /* JuCollectionViewLayout.m */; };
		EBBEC74821703CEE003EEE50 /* JUMediator.m in Sources */ = {isa = PBXBuildFile; fileRef = EBBEC74721703CEE003EEE50 /* JUMediator.m */; };
		EBBEC74C21707CAA003EEE50 /* JuDetailViewController.m in Sources */ = {isa = PBXBuildFile; fileRef = EBBEC74B21707CAA003EEE50 /* JuDetailViewController.m */; };
		EBBEC74F21707CE4003EEE50 /* JuTarget_Detail.m in Sources */ = {isa = PBXBuildFile; fileRef = EBBEC74E21707CE4003EEE50 /* JuTarget_Detail.m */; };
		EBBEC75221707D0E003EEE50 /* JUMediator+DetailAction.m in Sources */ = {isa = PBXBuildFile; fileRef = EBBEC75121707D0E003EEE50 /* JUMediator+DetailAction.m */; };
		EBBEC75921708A38003EEE50 /* JuWebViewController.m in Sources */ = {isa = PBXBuildFile; fileRef = EBBEC75821708A38003EEE50 /* JuWebViewController.m */; };
		EBBEC76C217094EA003EEE50 /* WeakScriptMessageDelegate.m in Sources */ = {isa = PBXBuildFile; fileRef = EBBEC76B217094EA003EEE50 /* WeakScriptMessageDelegate.m */; };
		EBBEC76E21709CB6003EEE50 /* WKWebViewMessageHandler.html in Resources */ = {isa = PBXBuildFile; fileRef = EBBEC76D21709CB6003EEE50 /* WKWebViewMessageHandler.html */; };
		EBCC8175219AB85E003A7604 /* JuWaterFolwLayout.m in Sources */ = {isa = PBXBuildFile; fileRef = EBCC8174219AB85E003A7604 /* JuWaterFolwLayout.m */; };
		EBD0ADF12159C93E00605EE0 /* JuRunLoop.m in Sources */ = {isa = PBXBuildFile; fileRef = EBD0ADF02159C93E00605EE0 /* JuRunLoop.m */; };
		EBD0ADF42159C98300605EE0 /* JuThread.m in Sources */ = {isa = PBXBuildFile; fileRef = EBD0ADF32159C98300605EE0 /* JuThread.m */; };
		EBD0ADF7215A03B200605EE0 /* JuNextViewController.m in Sources */ = {isa = PBXBuildFile; fileRef = EBD0ADF6215A03B200605EE0 /* JuNextViewController.m */; };
		EBD0ADFB215A291E00605EE0 /* JuNextViewCell.m in Sources */ = {isa = PBXBuildFile; fileRef = EBD0ADF9215A291E00605EE0 /* JuNextViewCell.m */; };
		EBD0ADFC215A291E00605EE0 /* JuNextViewCell.xib in Resources */ = {isa = PBXBuildFile; fileRef = EBD0ADFA215A291E00605EE0 /* JuNextViewCell.xib */; };
		EBD0AE00215A299600605EE0 /* img8.jpg in Resources */ = {isa = PBXBuildFile; fileRef = EBD0ADFD215A299600605EE0 /* img8.jpg */; };
		EBD0AE01215A299600605EE0 /* img6.jpg in Resources */ = {isa = PBXBuildFile; fileRef = EBD0ADFE215A299600605EE0 /* img6.jpg */; };
		EBD0AE02215A299600605EE0 /* img7.jpg in Resources */ = {isa = PBXBuildFile; fileRef = EBD0ADFF215A299600605EE0 /* img7.jpg */; };
		EBD0AE05215A29D100605EE0 /* UIImage+HWCorner.m in Sources */ = {isa = PBXBuildFile; fileRef = EBD0AE04215A29D100605EE0 /* UIImage+HWCorner.m */; };
		EBD94D3B217436F800E449E9 /* JuWebJSBridge.m in Sources */ = {isa = PBXBuildFile; fileRef = EBD94D3A217436F800E449E9 /* JuWebJSBridge.m */; };
		EBD94D3F2174592200E449E9 /* WKWebView+config.m in Sources */ = {isa = PBXBuildFile; fileRef = EBD94D3E2174592200E449E9 /* WKWebView+config.m */; };
		EBD94D4221745A2D00E449E9 /* NSURL+manage.m in Sources */ = {isa = PBXBuildFile; fileRef = EBD94D4121745A2D00E449E9 /* NSURL+manage.m */; };
		EBE70CEE21787652007DA0B3 /* JuTestObject.m in Sources */ = {isa = PBXBuildFile; fileRef = EBE70CED21787652007DA0B3 /* JuTestObject.m */; };
		EBE70CF1217876C1007DA0B3 /* JuNumber.m in Sources */ = {isa = PBXBuildFile; fileRef = EBE70CF0217876C1007DA0B3 /* JuNumber.m */; };
		EBE70CF421787738007DA0B3 /* NSObject+Test.m in Sources */ = {isa = PBXBuildFile; fileRef = EBE70CF321787738007DA0B3 /* NSObject+Test.m */; };
		EBF9F246217975FB002FEC0E /* JuFruits.m in Sources */ = {isa = PBXBuildFile; fileRef = EBF9F245217975FB002FEC0E /* JuFruits.m */; };
		EBF9F24921797F14002FEC0E /* JuSubFruits.m in Sources */ = {isa = PBXBuildFile; fileRef = EBF9F24821797F14002FEC0E /* JuSubFruits.m */; };
		EBF9F26A2179A9AC002FEC0E /* SFFactory.m in Sources */ = {isa = PBXBuildFile; fileRef = EBF9F2692179A9AC002FEC0E /* SFFactory.m */; };
		EBF9F26D2179A9E5002FEC0E /* SFOperation.m in Sources */ = {isa = PBXBuildFile; fileRef = EBF9F26C2179A9E5002FEC0E /* SFOperation.m */; };
		EBF9F2702179AA04002FEC0E /* SFOperationMantou.m in Sources */ = {isa = PBXBuildFile; fileRef = EBF9F26F2179AA04002FEC0E /* SFOperationMantou.m */; };
		EBF9F2732179AA5B002FEC0E /* SFOperationYoutiao.m in Sources */ = {isa = PBXBuildFile; fileRef = EBF9F2722179AA5B002FEC0E /* SFOperationYoutiao.m */; };
		EBF9F2822179AB0F002FEC0E /* FFactory.m in Sources */ = {isa = PBXBuildFile; fileRef = EBF9F2812179AB0F002FEC0E /* FFactory.m */; };
		EBF9F2852179AB25002FEC0E /* FFOperation.m in Sources */ = {isa = PBXBuildFile; fileRef = EBF9F2842179AB25002FEC0E /* FFOperation.m */; };
		EBF9F2882179AB43002FEC0E /* FFactoryMantou.m in Sources */ = {isa = PBXBuildFile; fileRef = EBF9F2872179AB43002FEC0E /* FFactoryMantou.m */; };
		EBF9F28B2179AB66002FEC0E /* FFOperationMantou.m in Sources */ = {isa = PBXBuildFile; fileRef = EBF9F28A2179AB66002FEC0E /* FFOperationMantou.m */; };
		EBF9F28E2179ABB8002FEC0E /* AFFactory.m in Sources */ = {isa = PBXBuildFile; fileRef = EBF9F28D2179ABB8002FEC0E /* AFFactory.m */; };
		EBF9F2912179ABCF002FEC0E /* AFOperation.m in Sources */ = {isa = PBXBuildFile; fileRef = EBF9F2902179ABCF002FEC0E /* AFOperation.m */; };
		EBF9F2942179ABE1002FEC0E /* AFFactoryMantou.m in Sources */ = {isa = PBXBuildFile; fileRef = EBF9F2932179ABE1002FEC0E /* AFFactoryMantou.m */; };
		EBF9F2972179ABF1002FEC0E /* AFOperationMantou.m in Sources */ = {isa = PBXBuildFile; fileRef = EBF9F2962179ABF1002FEC0E /* AFOperationMantou.m */; };
		EBF9F29A2179AC70002FEC0E /* AFFactoryYoutiao.m in Sources */ = {isa = PBXBuildFile; fileRef = EBF9F2992179AC70002FEC0E /* AFFactoryYoutiao.m */; };
		EBF9F29D2179AC93002FEC0E /* AFOperationYoutiao.m in Sources */ = {isa = PBXBuildFile; fileRef = EBF9F29C2179AC93002FEC0E /* AFOperationYoutiao.m */; };
		EBF9F2A02179B111002FEC0E /* FFactoryYoutiao.m in Sources */ = {isa = PBXBuildFile; fileRef = EBF9F29F2179B111002FEC0E /* FFactoryYoutiao.m */; };
		EBF9F2A32179B122002FEC0E /* FFOperationYoutiao.m in Sources */ = {isa = PBXBuildFile; fileRef = EBF9F2A22179B122002FEC0E /* FFOperationYoutiao.m */; };
/* End PBXBuildFile section */

/* Begin PBXFileReference section */
		EB3E96822181C7A9003CE3DB /* JuCacheAdapter.m */ = {isa = PBXFileReference; fileEncoding = 4; lastKnownFileType = sourcecode.c.objc; path = JuCacheAdapter.m; sourceTree = "<group>"; };
		EB3E96832181C7A9003CE3DB /* JUURLCache.m */ = {isa = PBXFileReference; fileEncoding = 4; lastKnownFileType = sourcecode.c.objc; path = JUURLCache.m; sourceTree = "<group>"; };
		EB3E96842181C7A9003CE3DB /* JuCacheAdapter.h */ = {isa = PBXFileReference; fileEncoding = 4; lastKnownFileType = sourcecode.c.h; path = JuCacheAdapter.h; sourceTree = "<group>"; };
		EB3E96852181C7A9003CE3DB /* JUURLCache.h */ = {isa = PBXFileReference; fileEncoding = 4; lastKnownFileType = sourcecode.c.h; path = JUURLCache.h; sourceTree = "<group>"; };
		EB5993F4219D17150029AFE3 /* JuClockView.h */ = {isa = PBXFileReference; lastKnownFileType = sourcecode.c.h; path = JuClockView.h; sourceTree = "<group>"; };
		EB5993F5219D17150029AFE3 /* JuClockView.m */ = {isa = PBXFileReference; lastKnownFileType = sourcecode.c.objc; path = JuClockView.m; sourceTree = "<group>"; };
		EB5993F8219D57200029AFE3 /* UIView+JuLayGroup.h */ = {isa = PBXFileReference; fileEncoding = 4; lastKnownFileType = sourcecode.c.h; path = "UIView+JuLayGroup.h"; sourceTree = "<group>"; };
		EB5993F9219D57200029AFE3 /* UIView+JuConstraint.h */ = {isa = PBXFileReference; fileEncoding = 4; lastKnownFileType = sourcecode.c.h; path = "UIView+JuConstraint.h"; sourceTree = "<group>"; };
		EB5993FA219D57200029AFE3 /* UIView+JuLayout.m */ = {isa = PBXFileReference; fileEncoding = 4; lastKnownFileType = sourcecode.c.objc; path = "UIView+JuLayout.m"; sourceTree = "<group>"; };
		EB5993FB219D57200029AFE3 /* JuLayout.m */ = {isa = PBXFileReference; fileEncoding = 4; lastKnownFileType = sourcecode.c.objc; path = JuLayout.m; sourceTree = "<group>"; };
		EB5993FC219D57200029AFE3 /* UIView+JuConstraint.m */ = {isa = PBXFileReference; fileEncoding = 4; lastKnownFileType = sourcecode.c.objc; path = "UIView+JuConstraint.m"; sourceTree = "<group>"; };
		EB5993FD219D57200029AFE3 /* UIView+JuLayGroup.m */ = {isa = PBXFileReference; fileEncoding = 4; lastKnownFileType = sourcecode.c.objc; path = "UIView+JuLayGroup.m"; sourceTree = "<group>"; };
		EB5993FE219D57200029AFE3 /* JuLayout-Bridging-Header.h */ = {isa = PBXFileReference; fileEncoding = 4; lastKnownFileType = sourcecode.c.h; path = "JuLayout-Bridging-Header.h"; sourceTree = "<group>"; };
		EB5993FF219D57200029AFE3 /* UIView+JuLayout.h */ = {isa = PBXFileReference; fileEncoding = 4; lastKnownFileType = sourcecode.c.h; path = "UIView+JuLayout.h"; sourceTree = "<group>"; };
		EB599400219D57200029AFE3 /* JuLayout.h */ = {isa = PBXFileReference; fileEncoding = 4; lastKnownFileType = sourcecode.c.h; path = JuLayout.h; sourceTree = "<group>"; };
		EB88D4202154C29000BA082B /* JuTestTest.app */ = {isa = PBXFileReference; explicitFileType = wrapper.application; includeInIndex = 0; path = JuTestTest.app; sourceTree = BUILT_PRODUCTS_DIR; };
		EB88D4232154C29000BA082B /* AppDelegate.h */ = {isa = PBXFileReference; lastKnownFileType = sourcecode.c.h; path = AppDelegate.h; sourceTree = "<group>"; };
		EB88D4242154C29000BA082B /* AppDelegate.m */ = {isa = PBXFileReference; lastKnownFileType = sourcecode.c.objc; path = AppDelegate.m; sourceTree = "<group>"; };
		EB88D4262154C29000BA082B /* ViewController.h */ = {isa = PBXFileReference; lastKnownFileType = sourcecode.c.h; path = ViewController.h; sourceTree = "<group>"; };
		EB88D4272154C29000BA082B /* ViewController.m */ = {isa = PBXFileReference; lastKnownFileType = sourcecode.c.objc; path = ViewController.m; sourceTree = "<group>"; };
		EB88D42A2154C29000BA082B /* Base */ = {isa = PBXFileReference; lastKnownFileType = file.storyboard; name = Base; path = Base.lproj/Main.storyboard; sourceTree = "<group>"; };
		EB88D42C2154C29200BA082B /* Assets.xcassets */ = {isa = PBXFileReference; lastKnownFileType = folder.assetcatalog; path = Assets.xcassets; sourceTree = "<group>"; };
		EB88D42F2154C29200BA082B /* Base */ = {isa = PBXFileReference; lastKnownFileType = file.storyboard; name = Base; path = Base.lproj/LaunchScreen.storyboard; sourceTree = "<group>"; };
		EB88D4312154C29200BA082B /* Info.plist */ = {isa = PBXFileReference; lastKnownFileType = text.plist.xml; path = Info.plist; sourceTree = "<group>"; };
		EB88D4322154C29200BA082B /* main.m */ = {isa = PBXFileReference; lastKnownFileType = sourcecode.c.objc; path = main.m; sourceTree = "<group>"; };
		EB88D4392154CAC400BA082B /* JuChangMethod.h */ = {isa = PBXFileReference; lastKnownFileType = sourcecode.c.h; path = JuChangMethod.h; sourceTree = "<group>"; };
		EB88D43A2154CAC400BA082B /* JuChangMethod.m */ = {isa = PBXFileReference; lastKnownFileType = sourcecode.c.objc; path = JuChangMethod.m; sourceTree = "<group>"; };
		EB88D43C2154DBD800BA082B /* JuFirstView.h */ = {isa = PBXFileReference; lastKnownFileType = sourcecode.c.h; path = JuFirstView.h; sourceTree = "<group>"; };
		EB88D43D2154DBD800BA082B /* JuFirstView.m */ = {isa = PBXFileReference; lastKnownFileType = sourcecode.c.objc; path = JuFirstView.m; sourceTree = "<group>"; };
		EB9D865C216DE5C400B75BA4 /* JuRSAEncrypt.h */ = {isa = PBXFileReference; lastKnownFileType = sourcecode.c.h; path = JuRSAEncrypt.h; sourceTree = "<group>"; };
		EB9D865D216DE5C400B75BA4 /* JuRSAEncrypt.m */ = {isa = PBXFileReference; lastKnownFileType = sourcecode.c.objc; path = JuRSAEncrypt.m; sourceTree = "<group>"; };
		EB9D8665216DEDD400B75BA4 /* rsaCert.crt */ = {isa = PBXFileReference; fileEncoding = 4; lastKnownFileType = text; path = rsaCert.crt; sourceTree = "<group>"; };
		EB9D8666216DEDD400B75BA4 /* rsa_public_key.pem */ = {isa = PBXFileReference; fileEncoding = 4; lastKnownFileType = text; path = rsa_public_key.pem; sourceTree = "<group>"; };
		EB9D8667216DEDD400B75BA4 /* rsaCerReq.csr */ = {isa = PBXFileReference; fileEncoding = 4; lastKnownFileType = text; path = rsaCerReq.csr; sourceTree = "<group>"; };
		EB9D8668216DEDD400B75BA4 /* pkcs8_private_key.pem */ = {isa = PBXFileReference; fileEncoding = 4; lastKnownFileType = text; path = pkcs8_private_key.pem; sourceTree = "<group>"; };
		EB9D8669216DEDD400B75BA4 /* public_key.der */ = {isa = PBXFileReference; lastKnownFileType = file; path = public_key.der; sourceTree = "<group>"; };
		EB9D866A216DEDD400B75BA4 /* private_key.p12 */ = {isa = PBXFileReference; lastKnownFileType = file; path = private_key.p12; sourceTree = "<group>"; };
		EB9D8671216DF27C00B75BA4 /* JuTestEncrypt.h */ = {isa = PBXFileReference; lastKnownFileType = sourcecode.c.h; path = JuTestEncrypt.h; sourceTree = "<group>"; };
		EB9D8672216DF27C00B75BA4 /* JuTestEncrypt.m */ = {isa = PBXFileReference; lastKnownFileType = sourcecode.c.objc; path = JuTestEncrypt.m; sourceTree = "<group>"; };
		EB9D8674216DF2AB00B75BA4 /* ios使用rsa加解密 .pdf */ = {isa = PBXFileReference; lastKnownFileType = image.pdf; path = "ios使用rsa加解密 .pdf"; sourceTree = "<group>"; };
		EB9E1D7F218946FF00B1885F /* 动效.gif */ = {isa = PBXFileReference; lastKnownFileType = image.gif; path = "动效.gif"; sourceTree = "<group>"; };
		EBA6169F2182E14200F5E1AB /* JUCollectionViewLayout.h */ = {isa = PBXFileReference; lastKnownFileType = sourcecode.c.h; path = JUCollectionViewLayout.h; sourceTree = "<group>"; };
		EBA616A02182E14200F5E1AB /* JUCollectionViewLayout.m */ = {isa = PBXFileReference; lastKnownFileType = sourcecode.c.objc; path = JUCollectionViewLayout.m; sourceTree = "<group>"; };
		EBA616A22182E15E00F5E1AB /* JuCollectionViewFlowLayout.h */ = {isa = PBXFileReference; lastKnownFileType = sourcecode.c.h; path = JuCollectionViewFlowLayout.h; sourceTree = "<group>"; };
		EBA616A32182E15E00F5E1AB /* JuCollectionViewFlowLayout.m */ = {isa = PBXFileReference; lastKnownFileType = sourcecode.c.objc; path = JuCollectionViewFlowLayout.m; sourceTree = "<group>"; };
		EBA8D58B219E69DC006F848A /* colock.jpeg */ = {isa = PBXFileReference; lastKnownFileType = image.jpeg; path = colock.jpeg; sourceTree = "<group>"; };
		EBAC0D4C216C443C00B610B1 /* JuDrawView.h */ = {isa = PBXFileReference; fileEncoding = 4; lastKnownFileType = sourcecode.c.h; path = JuDrawView.h; sourceTree = "<group>"; };
		EBAC0D4D216C443C00B610B1 /* TestView.h */ = {isa = PBXFileReference; fileEncoding = 4; lastKnownFileType = sourcecode.c.h; path = TestView.h; sourceTree = "<group>"; };
		EBAC0D4E216C443C00B610B1 /* TestView.m */ = {isa = PBXFileReference; fileEncoding = 4; lastKnownFileType = sourcecode.c.objc; path = TestView.m; sourceTree = "<group>"; };
		EBAC0D4F216C443C00B610B1 /* JuDrawPumpkin.h */ = {isa = PBXFileReference; fileEncoding = 4; lastKnownFileType = sourcecode.c.h; path = JuDrawPumpkin.h; sourceTree = "<group>"; };
		EBAC0D50216C443C00B610B1 /* JuDrawView.m */ = {isa = PBXFileReference; fileEncoding = 4; lastKnownFileType = sourcecode.c.objc; path = JuDrawView.m; sourceTree = "<group>"; };
		EBAC0D51216C443C00B610B1 /* JuDrawPumpkin.m */ = {isa = PBXFileReference; fileEncoding = 4; lastKnownFileType = sourcecode.c.objc; path = JuDrawPumpkin.m; sourceTree = "<group>"; };
		EBAC0D59216C44E300B610B1 /* ObjcMsgResolve.h */ = {isa = PBXFileReference; fileEncoding = 4; lastKnownFileType = sourcecode.c.h; path = ObjcMsgResolve.h; sourceTree = "<group>"; };
		EBAC0D5A216C44E300B610B1 /* ObjcMsgResolve.m */ = {isa = PBXFileReference; fileEncoding = 4; lastKnownFileType = sourcecode.c.objc; path = ObjcMsgResolve.m; sourceTree = "<group>"; };
		EBAC0D5C216C4A6600B610B1 /* JuMsgSupObjc.h */ = {isa = PBXFileReference; lastKnownFileType = sourcecode.c.h; path = JuMsgSupObjc.h; sourceTree = "<group>"; };
		EBAC0D5D216C4A6600B610B1 /* JuMsgSupObjc.m */ = {isa = PBXFileReference; lastKnownFileType = sourcecode.c.objc; path = JuMsgSupObjc.m; sourceTree = "<group>"; };
		EBAC0D5F216C584700B610B1 /* JuResloveOjc.h */ = {isa = PBXFileReference; lastKnownFileType = sourcecode.c.h; path = JuResloveOjc.h; sourceTree = "<group>"; };
		EBAC0D60216C584700B610B1 /* JuResloveOjc.m */ = {isa = PBXFileReference; lastKnownFileType = sourcecode.c.objc; path = JuResloveOjc.m; sourceTree = "<group>"; };
		EBAC0D63216C89C100B610B1 /* JuArithmetic.h */ = {isa = PBXFileReference; lastKnownFileType = sourcecode.c.h; path = JuArithmetic.h; sourceTree = "<group>"; };
		EBAC0D64216C89C100B610B1 /* JuArithmetic.m */ = {isa = PBXFileReference; lastKnownFileType = sourcecode.c.objc; path = JuArithmetic.m; sourceTree = "<group>"; };
		EBBC2B2A219A767500BD3EEE /* JuCollectionViewController.h */ = {isa = PBXFileReference; lastKnownFileType = sourcecode.c.h; path = JuCollectionViewController.h; sourceTree = "<group>"; };
		EBBC2B2B219A767500BD3EEE /* JuCollectionViewController.m */ = {isa = PBXFileReference; lastKnownFileType = sourcecode.c.objc; path = JuCollectionViewController.m; sourceTree = "<group>"; };
		EBBC2B2D219A769900BD3EEE /* JuCollectionViewLayout.h */ = {isa = PBXFileReference; lastKnownFileType = sourcecode.c.h; path = JuCollectionViewLayout.h; sourceTree = "<group>"; };
		EBBC2B2E219A769900BD3EEE /* JuCollectionViewLayout.m */ = {isa = PBXFileReference; lastKnownFileType = sourcecode.c.objc; path = JuCollectionViewLayout.m; sourceTree = "<group>"; };
		EBBEC74621703CEE003EEE50 /* JUMediator.h */ = {isa = PBXFileReference; lastKnownFileType = sourcecode.c.h; path = JUMediator.h; sourceTree = "<group>"; };
		EBBEC74721703CEE003EEE50 /* JUMediator.m */ = {isa = PBXFileReference; lastKnownFileType = sourcecode.c.objc; path = JUMediator.m; sourceTree = "<group>"; };
		EBBEC74A21707CAA003EEE50 /* JuDetailViewController.h */ = {isa = PBXFileReference; lastKnownFileType = sourcecode.c.h; path = JuDetailViewController.h; sourceTree = "<group>"; };
		EBBEC74B21707CAA003EEE50 /* JuDetailViewController.m */ = {isa = PBXFileReference; lastKnownFileType = sourcecode.c.objc; path = JuDetailViewController.m; sourceTree = "<group>"; };
		EBBEC74D21707CE4003EEE50 /* JuTarget_Detail.h */ = {isa = PBXFileReference; lastKnownFileType = sourcecode.c.h; path = JuTarget_Detail.h; sourceTree = "<group>"; };
		EBBEC74E21707CE4003EEE50 /* JuTarget_Detail.m */ = {isa = PBXFileReference; lastKnownFileType = sourcecode.c.objc; path = JuTarget_Detail.m; sourceTree = "<group>"; };
		EBBEC75021707D0E003EEE50 /* JUMediator+DetailAction.h */ = {isa = PBXFileReference; lastKnownFileType = sourcecode.c.h; path = "JUMediator+DetailAction.h"; sourceTree = "<group>"; };
		EBBEC75121707D0E003EEE50 /* JUMediator+DetailAction.m */ = {isa = PBXFileReference; lastKnownFileType = sourcecode.c.objc; path = "JUMediator+DetailAction.m"; sourceTree = "<group>"; };
		EBBEC75721708A38003EEE50 /* JuWebViewController.h */ = {isa = PBXFileReference; lastKnownFileType = sourcecode.c.h; path = JuWebViewController.h; sourceTree = "<group>"; };
		EBBEC75821708A38003EEE50 /* JuWebViewController.m */ = {isa = PBXFileReference; lastKnownFileType = sourcecode.c.objc; path = JuWebViewController.m; sourceTree = "<group>"; };
		EBBEC76A217094EA003EEE50 /* WeakScriptMessageDelegate.h */ = {isa = PBXFileReference; lastKnownFileType = sourcecode.c.h; path = WeakScriptMessageDelegate.h; sourceTree = "<group>"; };
		EBBEC76B217094EA003EEE50 /* WeakScriptMessageDelegate.m */ = {isa = PBXFileReference; lastKnownFileType = sourcecode.c.objc; path = WeakScriptMessageDelegate.m; sourceTree = "<group>"; };
		EBBEC76D21709CB6003EEE50 /* WKWebViewMessageHandler.html */ = {isa = PBXFileReference; fileEncoding = 4; lastKnownFileType = text.html; path = WKWebViewMessageHandler.html; sourceTree = "<group>"; };
		EBCC8173219AB85E003A7604 /* JuWaterFolwLayout.h */ = {isa = PBXFileReference; lastKnownFileType = sourcecode.c.h; path = JuWaterFolwLayout.h; sourceTree = "<group>"; };
		EBCC8174219AB85E003A7604 /* JuWaterFolwLayout.m */ = {isa = PBXFileReference; lastKnownFileType = sourcecode.c.objc; path = JuWaterFolwLayout.m; sourceTree = "<group>"; };
		EBD0ADEF2159C93E00605EE0 /* JuRunLoop.h */ = {isa = PBXFileReference; lastKnownFileType = sourcecode.c.h; path = JuRunLoop.h; sourceTree = "<group>"; };
		EBD0ADF02159C93E00605EE0 /* JuRunLoop.m */ = {isa = PBXFileReference; lastKnownFileType = sourcecode.c.objc; path = JuRunLoop.m; sourceTree = "<group>"; };
		EBD0ADF22159C98300605EE0 /* JuThread.h */ = {isa = PBXFileReference; lastKnownFileType = sourcecode.c.h; path = JuThread.h; sourceTree = "<group>"; };
		EBD0ADF32159C98300605EE0 /* JuThread.m */ = {isa = PBXFileReference; lastKnownFileType = sourcecode.c.objc; path = JuThread.m; sourceTree = "<group>"; };
		EBD0ADF5215A03B200605EE0 /* JuNextViewController.h */ = {isa = PBXFileReference; lastKnownFileType = sourcecode.c.h; path = JuNextViewController.h; sourceTree = "<group>"; };
		EBD0ADF6215A03B200605EE0 /* JuNextViewController.m */ = {isa = PBXFileReference; lastKnownFileType = sourcecode.c.objc; path = JuNextViewController.m; sourceTree = "<group>"; };
		EBD0ADF8215A291E00605EE0 /* JuNextViewCell.h */ = {isa = PBXFileReference; lastKnownFileType = sourcecode.c.h; path = JuNextViewCell.h; sourceTree = "<group>"; };
		EBD0ADF9215A291E00605EE0 /* JuNextViewCell.m */ = {isa = PBXFileReference; lastKnownFileType = sourcecode.c.objc; path = JuNextViewCell.m; sourceTree = "<group>"; };
		EBD0ADFA215A291E00605EE0 /* JuNextViewCell.xib */ = {isa = PBXFileReference; lastKnownFileType = file.xib; path = JuNextViewCell.xib; sourceTree = "<group>"; };
		EBD0ADFD215A299600605EE0 /* img8.jpg */ = {isa = PBXFileReference; lastKnownFileType = image.jpeg; path = img8.jpg; sourceTree = "<group>"; };
		EBD0ADFE215A299600605EE0 /* img6.jpg */ = {isa = PBXFileReference; lastKnownFileType = image.jpeg; path = img6.jpg; sourceTree = "<group>"; };
		EBD0ADFF215A299600605EE0 /* img7.jpg */ = {isa = PBXFileReference; lastKnownFileType = image.jpeg; path = img7.jpg; sourceTree = "<group>"; };
		EBD0AE03215A29D100605EE0 /* UIImage+HWCorner.h */ = {isa = PBXFileReference; lastKnownFileType = sourcecode.c.h; path = "UIImage+HWCorner.h"; sourceTree = "<group>"; };
		EBD0AE04215A29D100605EE0 /* UIImage+HWCorner.m */ = {isa = PBXFileReference; lastKnownFileType = sourcecode.c.objc; path = "UIImage+HWCorner.m"; sourceTree = "<group>"; };
		EBD94D39217436F800E449E9 /* JuWebJSBridge.h */ = {isa = PBXFileReference; lastKnownFileType = sourcecode.c.h; path = JuWebJSBridge.h; sourceTree = "<group>"; };
		EBD94D3A217436F800E449E9 /* JuWebJSBridge.m */ = {isa = PBXFileReference; lastKnownFileType = sourcecode.c.objc; path = JuWebJSBridge.m; sourceTree = "<group>"; };
		EBD94D3D2174592200E449E9 /* WKWebView+config.h */ = {isa = PBXFileReference; lastKnownFileType = sourcecode.c.h; path = "WKWebView+config.h"; sourceTree = "<group>"; };
		EBD94D3E2174592200E449E9 /* WKWebView+config.m */ = {isa = PBXFileReference; lastKnownFileType = sourcecode.c.objc; path = "WKWebView+config.m"; sourceTree = "<group>"; };
		EBD94D4021745A2D00E449E9 /* NSURL+manage.h */ = {isa = PBXFileReference; lastKnownFileType = sourcecode.c.h; path = "NSURL+manage.h"; sourceTree = "<group>"; };
		EBD94D4121745A2D00E449E9 /* NSURL+manage.m */ = {isa = PBXFileReference; lastKnownFileType = sourcecode.c.objc; path = "NSURL+manage.m"; sourceTree = "<group>"; };
		EBE70CEC21787652007DA0B3 /* JuTestObject.h */ = {isa = PBXFileReference; lastKnownFileType = sourcecode.c.h; path = JuTestObject.h; sourceTree = "<group>"; };
		EBE70CED21787652007DA0B3 /* JuTestObject.m */ = {isa = PBXFileReference; lastKnownFileType = sourcecode.c.objc; path = JuTestObject.m; sourceTree = "<group>"; };
		EBE70CEF217876C1007DA0B3 /* JuNumber.h */ = {isa = PBXFileReference; lastKnownFileType = sourcecode.c.h; path = JuNumber.h; sourceTree = "<group>"; };
		EBE70CF0217876C1007DA0B3 /* JuNumber.m */ = {isa = PBXFileReference; lastKnownFileType = sourcecode.c.objc; path = JuNumber.m; sourceTree = "<group>"; };
		EBE70CF221787738007DA0B3 /* NSObject+Test.h */ = {isa = PBXFileReference; lastKnownFileType = sourcecode.c.h; path = "NSObject+Test.h"; sourceTree = "<group>"; };
		EBE70CF321787738007DA0B3 /* NSObject+Test.m */ = {isa = PBXFileReference; lastKnownFileType = sourcecode.c.objc; path = "NSObject+Test.m"; sourceTree = "<group>"; };
		EBF9F244217975FB002FEC0E /* JuFruits.h */ = {isa = PBXFileReference; lastKnownFileType = sourcecode.c.h; path = JuFruits.h; sourceTree = "<group>"; };
		EBF9F245217975FB002FEC0E /* JuFruits.m */ = {isa = PBXFileReference; lastKnownFileType = sourcecode.c.objc; path = JuFruits.m; sourceTree = "<group>"; };
		EBF9F24721797F14002FEC0E /* JuSubFruits.h */ = {isa = PBXFileReference; lastKnownFileType = sourcecode.c.h; path = JuSubFruits.h; sourceTree = "<group>"; };
		EBF9F24821797F14002FEC0E /* JuSubFruits.m */ = {isa = PBXFileReference; lastKnownFileType = sourcecode.c.objc; path = JuSubFruits.m; sourceTree = "<group>"; };
		EBF9F2682179A9AC002FEC0E /* SFFactory.h */ = {isa = PBXFileReference; lastKnownFileType = sourcecode.c.h; path = SFFactory.h; sourceTree = "<group>"; };
		EBF9F2692179A9AC002FEC0E /* SFFactory.m */ = {isa = PBXFileReference; lastKnownFileType = sourcecode.c.objc; path = SFFactory.m; sourceTree = "<group>"; };
		EBF9F26B2179A9E5002FEC0E /* SFOperation.h */ = {isa = PBXFileReference; lastKnownFileType = sourcecode.c.h; path = SFOperation.h; sourceTree = "<group>"; };
		EBF9F26C2179A9E5002FEC0E /* SFOperation.m */ = {isa = PBXFileReference; lastKnownFileType = sourcecode.c.objc; path = SFOperation.m; sourceTree = "<group>"; };
		EBF9F26E2179AA03002FEC0E /* SFOperationMantou.h */ = {isa = PBXFileReference; lastKnownFileType = sourcecode.c.h; path = SFOperationMantou.h; sourceTree = "<group>"; };
		EBF9F26F2179AA04002FEC0E /* SFOperationMantou.m */ = {isa = PBXFileReference; lastKnownFileType = sourcecode.c.objc; path = SFOperationMantou.m; sourceTree = "<group>"; };
		EBF9F2712179AA5B002FEC0E /* SFOperationYoutiao.h */ = {isa = PBXFileReference; lastKnownFileType = sourcecode.c.h; path = SFOperationYoutiao.h; sourceTree = "<group>"; };
		EBF9F2722179AA5B002FEC0E /* SFOperationYoutiao.m */ = {isa = PBXFileReference; lastKnownFileType = sourcecode.c.objc; path = SFOperationYoutiao.m; sourceTree = "<group>"; };
		EBF9F2802179AB0F002FEC0E /* FFactory.h */ = {isa = PBXFileReference; lastKnownFileType = sourcecode.c.h; path = FFactory.h; sourceTree = "<group>"; };
		EBF9F2812179AB0F002FEC0E /* FFactory.m */ = {isa = PBXFileReference; lastKnownFileType = sourcecode.c.objc; path = FFactory.m; sourceTree = "<group>"; };
		EBF9F2832179AB25002FEC0E /* FFOperation.h */ = {isa = PBXFileReference; lastKnownFileType = sourcecode.c.h; path = FFOperation.h; sourceTree = "<group>"; };
		EBF9F2842179AB25002FEC0E /* FFOperation.m */ = {isa = PBXFileReference; lastKnownFileType = sourcecode.c.objc; path = FFOperation.m; sourceTree = "<group>"; };
		EBF9F2862179AB43002FEC0E /* FFactoryMantou.h */ = {isa = PBXFileReference; lastKnownFileType = sourcecode.c.h; path = FFactoryMantou.h; sourceTree = "<group>"; };
		EBF9F2872179AB43002FEC0E /* FFactoryMantou.m */ = {isa = PBXFileReference; lastKnownFileType = sourcecode.c.objc; path = FFactoryMantou.m; sourceTree = "<group>"; };
		EBF9F2892179AB66002FEC0E /* FFOperationMantou.h */ = {isa = PBXFileReference; lastKnownFileType = sourcecode.c.h; path = FFOperationMantou.h; sourceTree = "<group>"; };
		EBF9F28A2179AB66002FEC0E /* FFOperationMantou.m */ = {isa = PBXFileReference; lastKnownFileType = sourcecode.c.objc; path = FFOperationMantou.m; sourceTree = "<group>"; };
		EBF9F28C2179ABB8002FEC0E /* AFFactory.h */ = {isa = PBXFileReference; lastKnownFileType = sourcecode.c.h; path = AFFactory.h; sourceTree = "<group>"; };
		EBF9F28D2179ABB8002FEC0E /* AFFactory.m */ = {isa = PBXFileReference; lastKnownFileType = sourcecode.c.objc; path = AFFactory.m; sourceTree = "<group>"; };
		EBF9F28F2179ABCF002FEC0E /* AFOperation.h */ = {isa = PBXFileReference; lastKnownFileType = sourcecode.c.h; path = AFOperation.h; sourceTree = "<group>"; };
		EBF9F2902179ABCF002FEC0E /* AFOperation.m */ = {isa = PBXFileReference; lastKnownFileType = sourcecode.c.objc; path = AFOperation.m; sourceTree = "<group>"; };
		EBF9F2922179ABE1002FEC0E /* AFFactoryMantou.h */ = {isa = PBXFileReference; lastKnownFileType = sourcecode.c.h; path = AFFactoryMantou.h; sourceTree = "<group>"; };
		EBF9F2932179ABE1002FEC0E /* AFFactoryMantou.m */ = {isa = PBXFileReference; lastKnownFileType = sourcecode.c.objc; path = AFFactoryMantou.m; sourceTree = "<group>"; };
		EBF9F2952179ABF1002FEC0E /* AFOperationMantou.h */ = {isa = PBXFileReference; lastKnownFileType = sourcecode.c.h; path = AFOperationMantou.h; sourceTree = "<group>"; };
		EBF9F2962179ABF1002FEC0E /* AFOperationMantou.m */ = {isa = PBXFileReference; lastKnownFileType = sourcecode.c.objc; path = AFOperationMantou.m; sourceTree = "<group>"; };
		EBF9F2982179AC70002FEC0E /* AFFactoryYoutiao.h */ = {isa = PBXFileReference; lastKnownFileType = sourcecode.c.h; path = AFFactoryYoutiao.h; sourceTree = "<group>"; };
		EBF9F2992179AC70002FEC0E /* AFFactoryYoutiao.m */ = {isa = PBXFileReference; lastKnownFileType = sourcecode.c.objc; path = AFFactoryYoutiao.m; sourceTree = "<group>"; };
		EBF9F29B2179AC93002FEC0E /* AFOperationYoutiao.h */ = {isa = PBXFileReference; lastKnownFileType = sourcecode.c.h; path = AFOperationYoutiao.h; sourceTree = "<group>"; };
		EBF9F29C2179AC93002FEC0E /* AFOperationYoutiao.m */ = {isa = PBXFileReference; lastKnownFileType = sourcecode.c.objc; path = AFOperationYoutiao.m; sourceTree = "<group>"; };
		EBF9F29E2179B111002FEC0E /* FFactoryYoutiao.h */ = {isa = PBXFileReference; lastKnownFileType = sourcecode.c.h; path = FFactoryYoutiao.h; sourceTree = "<group>"; };
		EBF9F29F2179B111002FEC0E /* FFactoryYoutiao.m */ = {isa = PBXFileReference; lastKnownFileType = sourcecode.c.objc; path = FFactoryYoutiao.m; sourceTree = "<group>"; };
		EBF9F2A12179B122002FEC0E /* FFOperationYoutiao.h */ = {isa = PBXFileReference; lastKnownFileType = sourcecode.c.h; path = FFOperationYoutiao.h; sourceTree = "<group>"; };
		EBF9F2A22179B122002FEC0E /* FFOperationYoutiao.m */ = {isa = PBXFileReference; lastKnownFileType = sourcecode.c.objc; path = FFOperationYoutiao.m; sourceTree = "<group>"; };
/* End PBXFileReference section */

/* Begin PBXFrameworksBuildPhase section */
		EB88D41D2154C29000BA082B /* Frameworks */ = {
			isa = PBXFrameworksBuildPhase;
			buildActionMask = 2147483647;
			files = (
			);
			runOnlyForDeploymentPostprocessing = 0;
		};
/* End PBXFrameworksBuildPhase section */

/* Begin PBXGroup section */
		EB3E96812181C7A9003CE3DB /* JuUrlCache */ = {
			isa = PBXGroup;
			children = (
				EB3E96852181C7A9003CE3DB /* JUURLCache.h */,
				EB3E96832181C7A9003CE3DB /* JUURLCache.m */,
				EB3E96842181C7A9003CE3DB /* JuCacheAdapter.h */,
				EB3E96822181C7A9003CE3DB /* JuCacheAdapter.m */,
			);
			path = JuUrlCache;
			sourceTree = "<group>";
		};
		EB5993F3219D16E90029AFE3 /* anchorPoint */ = {
			isa = PBXGroup;
			children = (
				EB5993F4219D17150029AFE3 /* JuClockView.h */,
				EB5993F5219D17150029AFE3 /* JuClockView.m */,
				EBA8D58B219E69DC006F848A /* colock.jpeg */,
			);
			path = anchorPoint;
			sourceTree = "<group>";
		};
		EB5993F7219D57200029AFE3 /* OCLayout */ = {
			isa = PBXGroup;
			children = (
				EB5993FE219D57200029AFE3 /* JuLayout-Bridging-Header.h */,
				EB599400219D57200029AFE3 /* JuLayout.h */,
				EB5993FB219D57200029AFE3 /* JuLayout.m */,
				EB5993F9219D57200029AFE3 /* UIView+JuConstraint.h */,
				EB5993FC219D57200029AFE3 /* UIView+JuConstraint.m */,
				EB5993F8219D57200029AFE3 /* UIView+JuLayGroup.h */,
				EB5993FD219D57200029AFE3 /* UIView+JuLayGroup.m */,
				EB5993FF219D57200029AFE3 /* UIView+JuLayout.h */,
				EB5993FA219D57200029AFE3 /* UIView+JuLayout.m */,
			);
			path = OCLayout;
			sourceTree = "<group>";
		};
		EB88D4172154C29000BA082B = {
			isa = PBXGroup;
			children = (
				EB88D4222154C29000BA082B /* JuTestTest */,
				EB88D4212154C29000BA082B /* Products */,
			);
			sourceTree = "<group>";
		};
		EB88D4212154C29000BA082B /* Products */ = {
			isa = PBXGroup;
			children = (
				EB88D4202154C29000BA082B /* JuTestTest.app */,
			);
			name = Products;
			sourceTree = "<group>";
		};
		EB88D4222154C29000BA082B /* JuTestTest */ = {
			isa = PBXGroup;
			children = (
				EB5993F7219D57200029AFE3 /* OCLayout */,
				EB5993F3219D16E90029AFE3 /* anchorPoint */,
				EBBC2B29219A765400BD3EEE /* JuCollectLayout */,
				EBA6169E2182E0F700F5E1AB /* CollectionLayout */,
				EB3E96812181C7A9003CE3DB /* JuUrlCache */,
				EBBEC74521703CD2003EEE50 /* JUMediator */,
				EBF9F243217975C7002FEC0E /* ClassCluster */,
				EBBEC75521708714003EEE50 /* WebJS */,
				EB9D865B216DE5A300B75BA4 /* encryption */,
				EBAC0D62216C898D00B610B1 /* arithmetic */,
				EBAC0D58216C44DB00B610B1 /* forward */,
				EBAC0D57216C44AC00B610B1 /* RunLoop */,
				EBAC0D56216C449100B610B1 /* Runtime */,
				EBAC0D55216C447900B610B1 /* respond */,
				EBAC0D4B216C442D00B610B1 /* draw */,
				EB88D4232154C29000BA082B /* AppDelegate.h */,
				EB88D4242154C29000BA082B /* AppDelegate.m */,
				EB88D4262154C29000BA082B /* ViewController.h */,
				EB88D4272154C29000BA082B /* ViewController.m */,
				EBD0ADF5215A03B200605EE0 /* JuNextViewController.h */,
				EBD0ADF6215A03B200605EE0 /* JuNextViewController.m */,
				EBD0ADF8215A291E00605EE0 /* JuNextViewCell.h */,
				EBD0ADF9215A291E00605EE0 /* JuNextViewCell.m */,
				EBD0ADFA215A291E00605EE0 /* JuNextViewCell.xib */,
				EBD0ADFE215A299600605EE0 /* img6.jpg */,
				EBD0ADFF215A299600605EE0 /* img7.jpg */,
				EBD0ADFD215A299600605EE0 /* img8.jpg */,
				EB9E1D7F218946FF00B1885F /* 动效.gif */,
				EB88D4292154C29000BA082B /* Main.storyboard */,
				EB88D42C2154C29200BA082B /* Assets.xcassets */,
				EB88D42E2154C29200BA082B /* LaunchScreen.storyboard */,
				EB88D4312154C29200BA082B /* Info.plist */,
				EB88D4322154C29200BA082B /* main.m */,
			);
			path = JuTestTest;
			sourceTree = "<group>";
		};
		EB9D865B216DE5A300B75BA4 /* encryption */ = {
			isa = PBXGroup;
			children = (
				EB9D8677216DFAD200B75BA4 /* java */,
				EB9D8676216DFAC700B75BA4 /* ios */,
				EB9D8674216DF2AB00B75BA4 /* ios使用rsa加解密 .pdf */,
				EB9D8667216DEDD400B75BA4 /* rsaCerReq.csr */,
				EB9D8665216DEDD400B75BA4 /* rsaCert.crt */,
				EB9D865C216DE5C400B75BA4 /* JuRSAEncrypt.h */,
				EB9D865D216DE5C400B75BA4 /* JuRSAEncrypt.m */,
				EB9D8671216DF27C00B75BA4 /* JuTestEncrypt.h */,
				EB9D8672216DF27C00B75BA4 /* JuTestEncrypt.m */,
			);
			path = encryption;
			sourceTree = "<group>";
		};
		EB9D8676216DFAC700B75BA4 /* ios */ = {
			isa = PBXGroup;
			children = (
				EB9D866A216DEDD400B75BA4 /* private_key.p12 */,
				EB9D8669216DEDD400B75BA4 /* public_key.der */,
			);
			path = ios;
			sourceTree = "<group>";
		};
		EB9D8677216DFAD200B75BA4 /* java */ = {
			isa = PBXGroup;
			children = (
				EB9D8668216DEDD400B75BA4 /* pkcs8_private_key.pem */,
				EB9D8666216DEDD400B75BA4 /* rsa_public_key.pem */,
			);
			path = java;
			sourceTree = "<group>";
		};
		EBA6169E2182E0F700F5E1AB /* CollectionLayout */ = {
			isa = PBXGroup;
			children = (
				EBA6169F2182E14200F5E1AB /* JUCollectionViewLayout.h */,
				EBA616A02182E14200F5E1AB /* JUCollectionViewLayout.m */,
				EBA616A22182E15E00F5E1AB /* JuCollectionViewFlowLayout.h */,
				EBA616A32182E15E00F5E1AB /* JuCollectionViewFlowLayout.m */,
			);
			path = CollectionLayout;
			sourceTree = "<group>";
		};
		EBAC0D4B216C442D00B610B1 /* draw */ = {
			isa = PBXGroup;
			children = (
				EBD0AE03215A29D100605EE0 /* UIImage+HWCorner.h */,
				EBD0AE04215A29D100605EE0 /* UIImage+HWCorner.m */,
				EBAC0D4C216C443C00B610B1 /* JuDrawView.h */,
				EBAC0D50216C443C00B610B1 /* JuDrawView.m */,
				EBAC0D4F216C443C00B610B1 /* JuDrawPumpkin.h */,
				EBAC0D51216C443C00B610B1 /* JuDrawPumpkin.m */,
				EBAC0D4D216C443C00B610B1 /* TestView.h */,
				EBAC0D4E216C443C00B610B1 /* TestView.m */,
			);
			path = draw;
			sourceTree = "<group>";
		};
		EBAC0D55216C447900B610B1 /* respond */ = {
			isa = PBXGroup;
			children = (
				EB88D43C2154DBD800BA082B /* JuFirstView.h */,
				EB88D43D2154DBD800BA082B /* JuFirstView.m */,
			);
			path = respond;
			sourceTree = "<group>";
		};
		EBAC0D56216C449100B610B1 /* Runtime */ = {
			isa = PBXGroup;
			children = (
				EB88D4392154CAC400BA082B /* JuChangMethod.h */,
				EB88D43A2154CAC400BA082B /* JuChangMethod.m */,
			);
			path = Runtime;
			sourceTree = "<group>";
		};
		EBAC0D57216C44AC00B610B1 /* RunLoop */ = {
			isa = PBXGroup;
			children = (
				EBD0ADEF2159C93E00605EE0 /* JuRunLoop.h */,
				EBD0ADF02159C93E00605EE0 /* JuRunLoop.m */,
				EBD0ADF22159C98300605EE0 /* JuThread.h */,
				EBD0ADF32159C98300605EE0 /* JuThread.m */,
			);
			path = RunLoop;
			sourceTree = "<group>";
		};
		EBAC0D58216C44DB00B610B1 /* forward */ = {
			isa = PBXGroup;
			children = (
				EBAC0D59216C44E300B610B1 /* ObjcMsgResolve.h */,
				EBAC0D5A216C44E300B610B1 /* ObjcMsgResolve.m */,
				EBAC0D5C216C4A6600B610B1 /* JuMsgSupObjc.h */,
				EBAC0D5D216C4A6600B610B1 /* JuMsgSupObjc.m */,
				EBAC0D5F216C584700B610B1 /* JuResloveOjc.h */,
				EBAC0D60216C584700B610B1 /* JuResloveOjc.m */,
			);
			path = forward;
			sourceTree = "<group>";
		};
		EBAC0D62216C898D00B610B1 /* arithmetic */ = {
			isa = PBXGroup;
			children = (
				EBAC0D63216C89C100B610B1 /* JuArithmetic.h */,
				EBAC0D64216C89C100B610B1 /* JuArithmetic.m */,
			);
			path = arithmetic;
			sourceTree = "<group>";
		};
		EBBC2B29219A765400BD3EEE /* JuCollectLayout */ = {
			isa = PBXGroup;
			children = (
				EBBC2B2A219A767500BD3EEE /* JuCollectionViewController.h */,
				EBBC2B2B219A767500BD3EEE /* JuCollectionViewController.m */,
				EBCC8173219AB85E003A7604 /* JuWaterFolwLayout.h */,
				EBCC8174219AB85E003A7604 /* JuWaterFolwLayout.m */,
				EBBC2B2D219A769900BD3EEE /* JuCollectionViewLayout.h */,
				EBBC2B2E219A769900BD3EEE /* JuCollectionViewLayout.m */,
			);
			path = JuCollectLayout;
			sourceTree = "<group>";
		};
		EBBEC74521703CD2003EEE50 /* JUMediator */ = {
			isa = PBXGroup;
			children = (
				EBBEC756217088B0003EEE50 /* JUMediator */,
				EBBEC75321708617003EEE50 /* categories */,
				EBBEC74921707C88003EEE50 /* Demo */,
			);
			path = JUMediator;
			sourceTree = "<group>";
		};
		EBBEC74921707C88003EEE50 /* Demo */ = {
			isa = PBXGroup;
			children = (
				EBBEC75421708690003EEE50 /* Actions */,
				EBBEC74A21707CAA003EEE50 /* JuDetailViewController.h */,
				EBBEC74B21707CAA003EEE50 /* JuDetailViewController.m */,
				EBE70CF221787738007DA0B3 /* NSObject+Test.h */,
				EBE70CF321787738007DA0B3 /* NSObject+Test.m */,
				EBE70CEC21787652007DA0B3 /* JuTestObject.h */,
				EBE70CED21787652007DA0B3 /* JuTestObject.m */,
				EBE70CEF217876C1007DA0B3 /* JuNumber.h */,
				EBE70CF0217876C1007DA0B3 /* JuNumber.m */,
			);
			path = Demo;
			sourceTree = "<group>";
		};
		EBBEC75321708617003EEE50 /* categories */ = {
			isa = PBXGroup;
			children = (
				EBBEC75021707D0E003EEE50 /* JUMediator+DetailAction.h */,
				EBBEC75121707D0E003EEE50 /* JUMediator+DetailAction.m */,
			);
			path = categories;
			sourceTree = "<group>";
		};
		EBBEC75421708690003EEE50 /* Actions */ = {
			isa = PBXGroup;
			children = (
				EBBEC74D21707CE4003EEE50 /* JuTarget_Detail.h */,
				EBBEC74E21707CE4003EEE50 /* JuTarget_Detail.m */,
			);
			path = Actions;
			sourceTree = "<group>";
		};
		EBBEC75521708714003EEE50 /* WebJS */ = {
			isa = PBXGroup;
			children = (
				EBD94D3C217458DC00E449E9 /* JuWebJSBridge */,
				EBBEC76D21709CB6003EEE50 /* WKWebViewMessageHandler.html */,
				EBBEC75721708A38003EEE50 /* JuWebViewController.h */,
				EBBEC75821708A38003EEE50 /* JuWebViewController.m */,
			);
			path = WebJS;
			sourceTree = "<group>";
		};
		EBBEC756217088B0003EEE50 /* JUMediator */ = {
			isa = PBXGroup;
			children = (
				EBBEC74621703CEE003EEE50 /* JUMediator.h */,
				EBBEC74721703CEE003EEE50 /* JUMediator.m */,
			);
			path = JUMediator;
			sourceTree = "<group>";
		};
		EBD94D3C217458DC00E449E9 /* JuWebJSBridge */ = {
			isa = PBXGroup;
			children = (
				EBBEC76A217094EA003EEE50 /* WeakScriptMessageDelegate.h */,
				EBBEC76B217094EA003EEE50 /* WeakScriptMessageDelegate.m */,
				EBD94D39217436F800E449E9 /* JuWebJSBridge.h */,
				EBD94D3A217436F800E449E9 /* JuWebJSBridge.m */,
				EBD94D3D2174592200E449E9 /* WKWebView+config.h */,
				EBD94D3E2174592200E449E9 /* WKWebView+config.m */,
				EBD94D4021745A2D00E449E9 /* NSURL+manage.h */,
				EBD94D4121745A2D00E449E9 /* NSURL+manage.m */,
			);
			path = JuWebJSBridge;
			sourceTree = "<group>";
		};
		EBF9F243217975C7002FEC0E /* ClassCluster */ = {
			isa = PBXGroup;
			children = (
				EBF9F2652179A97C002FEC0E /* Test1 */,
				EBF9F2662179A98D002FEC0E /* Test2 */,
				EBF9F2672179A995002FEC0E /* Test3 */,
				EBF9F2A42179B35D002FEC0E /* Test4 */,
			);
			path = ClassCluster;
			sourceTree = "<group>";
		};
		EBF9F2652179A97C002FEC0E /* Test1 */ = {
			isa = PBXGroup;
			children = (
				EBF9F2682179A9AC002FEC0E /* SFFactory.h */,
				EBF9F2692179A9AC002FEC0E /* SFFactory.m */,
				EBF9F26B2179A9E5002FEC0E /* SFOperation.h */,
				EBF9F26C2179A9E5002FEC0E /* SFOperation.m */,
				EBF9F26E2179AA03002FEC0E /* SFOperationMantou.h */,
				EBF9F26F2179AA04002FEC0E /* SFOperationMantou.m */,
				EBF9F2712179AA5B002FEC0E /* SFOperationYoutiao.h */,
				EBF9F2722179AA5B002FEC0E /* SFOperationYoutiao.m */,
			);
			path = Test1;
			sourceTree = "<group>";
		};
		EBF9F2662179A98D002FEC0E /* Test2 */ = {
			isa = PBXGroup;
			children = (
				EBF9F2802179AB0F002FEC0E /* FFactory.h */,
				EBF9F2812179AB0F002FEC0E /* FFactory.m */,
				EBF9F2862179AB43002FEC0E /* FFactoryMantou.h */,
				EBF9F2872179AB43002FEC0E /* FFactoryMantou.m */,
				EBF9F29E2179B111002FEC0E /* FFactoryYoutiao.h */,
				EBF9F29F2179B111002FEC0E /* FFactoryYoutiao.m */,
				EBF9F2832179AB25002FEC0E /* FFOperation.h */,
				EBF9F2842179AB25002FEC0E /* FFOperation.m */,
				EBF9F2892179AB66002FEC0E /* FFOperationMantou.h */,
				EBF9F28A2179AB66002FEC0E /* FFOperationMantou.m */,
				EBF9F2A12179B122002FEC0E /* FFOperationYoutiao.h */,
				EBF9F2A22179B122002FEC0E /* FFOperationYoutiao.m */,
			);
			path = Test2;
			sourceTree = "<group>";
		};
		EBF9F2672179A995002FEC0E /* Test3 */ = {
			isa = PBXGroup;
			children = (
				EBF9F28C2179ABB8002FEC0E /* AFFactory.h */,
				EBF9F28D2179ABB8002FEC0E /* AFFactory.m */,
				EBF9F2982179AC70002FEC0E /* AFFactoryYoutiao.h */,
				EBF9F2992179AC70002FEC0E /* AFFactoryYoutiao.m */,
				EBF9F2922179ABE1002FEC0E /* AFFactoryMantou.h */,
				EBF9F2932179ABE1002FEC0E /* AFFactoryMantou.m */,
				EBF9F28F2179ABCF002FEC0E /* AFOperation.h */,
				EBF9F2902179ABCF002FEC0E /* AFOperation.m */,
				EBF9F2952179ABF1002FEC0E /* AFOperationMantou.h */,
				EBF9F2962179ABF1002FEC0E /* AFOperationMantou.m */,
				EBF9F29B2179AC93002FEC0E /* AFOperationYoutiao.h */,
				EBF9F29C2179AC93002FEC0E /* AFOperationYoutiao.m */,
			);
			path = Test3;
			sourceTree = "<group>";
		};
		EBF9F2A42179B35D002FEC0E /* Test4 */ = {
			isa = PBXGroup;
			children = (
				EBF9F244217975FB002FEC0E /* JuFruits.h */,
				EBF9F245217975FB002FEC0E /* JuFruits.m */,
				EBF9F24721797F14002FEC0E /* JuSubFruits.h */,
				EBF9F24821797F14002FEC0E /* JuSubFruits.m */,
			);
			path = Test4;
			sourceTree = "<group>";
		};
/* End PBXGroup section */

/* Begin PBXNativeTarget section */
		EB88D41F2154C29000BA082B /* JuTestTest */ = {
			isa = PBXNativeTarget;
			buildConfigurationList = EB88D4362154C29200BA082B /* Build configuration list for PBXNativeTarget "JuTestTest" */;
			buildPhases = (
				EB88D41C2154C29000BA082B /* Sources */,
				EB88D41D2154C29000BA082B /* Frameworks */,
				EB88D41E2154C29000BA082B /* Resources */,
			);
			buildRules = (
			);
			dependencies = (
			);
			name = JuTestTest;
			productName = JuTestTest;
			productReference = EB88D4202154C29000BA082B /* JuTestTest.app */;
			productType = "com.apple.product-type.application";
		};
/* End PBXNativeTarget section */

/* Begin PBXProject section */
		EB88D4182154C29000BA082B /* Project object */ = {
			isa = PBXProject;
			attributes = {
				LastUpgradeCheck = 0940;
				ORGANIZATIONNAME = Juvid;
				TargetAttributes = {
					EB88D41F2154C29000BA082B = {
						CreatedOnToolsVersion = 9.4.1;
					};
				};
			};
			buildConfigurationList = EB88D41B2154C29000BA082B /* Build configuration list for PBXProject "JuTestTest" */;
			compatibilityVersion = "Xcode 9.3";
			developmentRegion = en;
			hasScannedForEncodings = 0;
			knownRegions = (
				en,
				Base,
			);
			mainGroup = EB88D4172154C29000BA082B;
			productRefGroup = EB88D4212154C29000BA082B /* Products */;
			projectDirPath = "";
			projectRoot = "";
			targets = (
				EB88D41F2154C29000BA082B /* JuTestTest */,
			);
		};
/* End PBXProject section */

/* Begin PBXResourcesBuildPhase section */
		EB88D41E2154C29000BA082B /* Resources */ = {
			isa = PBXResourcesBuildPhase;
			buildActionMask = 2147483647;
			files = (
				EB9E1D80218946FF00B1885F /* 动效.gif in Resources */,
				EBD0ADFC215A291E00605EE0 /* JuNextViewCell.xib in Resources */,
				EBD0AE00215A299600605EE0 /* img8.jpg in Resources */,
				EB9D866F216DEDD400B75BA4 /* public_key.der in Resources */,
				EB9D8675216DF2AB00B75BA4 /* ios使用rsa加解密 .pdf in Resources */,
				EBBEC76E21709CB6003EEE50 /* WKWebViewMessageHandler.html in Resources */,
				EB9D8670216DEDD400B75BA4 /* private_key.p12 in Resources */,
				EB88D4302154C29200BA082B /* LaunchScreen.storyboard in Resources */,
				EB88D42D2154C29200BA082B /* Assets.xcassets in Resources */,
				EB9D866E216DEDD400B75BA4 /* pkcs8_private_key.pem in Resources */,
				EBD0AE01215A299600605EE0 /* img6.jpg in Resources */,
				EB9D866D216DEDD400B75BA4 /* rsaCerReq.csr in Resources */,
				EBA8D58C219E69DD006F848A /* colock.jpeg in Resources */,
				EBD0AE02215A299600605EE0 /* img7.jpg in Resources */,
				EB9D866C216DEDD400B75BA4 /* rsa_public_key.pem in Resources */,
				EB9D866B216DEDD400B75BA4 /* rsaCert.crt in Resources */,
				EB88D42B2154C29000BA082B /* Main.storyboard in Resources */,
			);
			runOnlyForDeploymentPostprocessing = 0;
		};
/* End PBXResourcesBuildPhase section */

/* Begin PBXSourcesBuildPhase section */
		EB88D41C2154C29000BA082B /* Sources */ = {
			isa = PBXSourcesBuildPhase;
			buildActionMask = 2147483647;
			files = (
				EBF9F24921797F14002FEC0E /* JuSubFruits.m in Sources */,
				EBBEC74F21707CE4003EEE50 /* JuTarget_Detail.m in Sources */,
				EBF9F2972179ABF1002FEC0E /* AFOperationMantou.m in Sources */,
				EB3E96862181C7A9003CE3DB /* JuCacheAdapter.m in Sources */,
				EBF9F246217975FB002FEC0E /* JuFruits.m in Sources */,
				EBE70CEE21787652007DA0B3 /* JuTestObject.m in Sources */,
				EBE70CF421787738007DA0B3 /* NSObject+Test.m in Sources */,
				EB88D4282154C29000BA082B /* ViewController.m in Sources */,
				EB88D4332154C29200BA082B /* main.m in Sources */,
				EBF9F29A2179AC70002FEC0E /* AFFactoryYoutiao.m in Sources */,
				EBF9F2852179AB25002FEC0E /* FFOperation.m in Sources */,
				EBD0ADFB215A291E00605EE0 /* JuNextViewCell.m in Sources */,
				EBBEC74821703CEE003EEE50 /* JUMediator.m in Sources */,
				EBF9F2822179AB0F002FEC0E /* FFactory.m in Sources */,
				EBF9F2942179ABE1002FEC0E /* AFFactoryMantou.m in Sources */,
				EBF9F26A2179A9AC002FEC0E /* SFFactory.m in Sources */,
				EB9D8673216DF27C00B75BA4 /* JuTestEncrypt.m in Sources */,
				EBF9F2912179ABCF002FEC0E /* AFOperation.m in Sources */,
				EBAC0D53216C443C00B610B1 /* JuDrawView.m in Sources */,
				EBAC0D61216C584700B610B1 /* JuResloveOjc.m in Sources */,
				EBD94D3B217436F800E449E9 /* JuWebJSBridge.m in Sources */,
				EB88D4252154C29000BA082B /* AppDelegate.m in Sources */,
				EB5993F6219D17150029AFE3 /* JuClockView.m in Sources */,
				EBBEC75221707D0E003EEE50 /* JUMediator+DetailAction.m in Sources */,
				EB599404219D57210029AFE3 /* UIView+JuLayGroup.m in Sources */,
				EBF9F2732179AA5B002FEC0E /* SFOperationYoutiao.m in Sources */,
				EB599401219D57210029AFE3 /* UIView+JuLayout.m in Sources */,
				EBF9F28E2179ABB8002FEC0E /* AFFactory.m in Sources */,
				EBAC0D65216C89C100B610B1 /* JuArithmetic.m in Sources */,
				EBD94D3F2174592200E449E9 /* WKWebView+config.m in Sources */,
				EBF9F29D2179AC93002FEC0E /* AFOperationYoutiao.m in Sources */,
				EBBC2B2F219A769900BD3EEE /* JuCollectionViewLayout.m in Sources */,
				EBF9F2882179AB43002FEC0E /* FFactoryMantou.m in Sources */,
				EB9D865E216DE5C400B75BA4 /* JuRSAEncrypt.m in Sources */,
				EBE70CF1217876C1007DA0B3 /* JuNumber.m in Sources */,
				EBD94D4221745A2D00E449E9 /* NSURL+manage.m in Sources */,
				EBD0ADF42159C98300605EE0 /* JuThread.m in Sources */,
				EBBC2B2C219A767500BD3EEE /* JuCollectionViewController.m in Sources */,
				EBAC0D5E216C4A6600B610B1 /* JuMsgSupObjc.m in Sources */,
				EBAC0D5B216C44E300B610B1 /* ObjcMsgResolve.m in Sources */,
				EBF9F2702179AA04002FEC0E /* SFOperationMantou.m in Sources */,
				EB88D43B2154CAC400BA082B /* JuChangMethod.m in Sources */,
				EBF9F2A32179B122002FEC0E /* FFOperationYoutiao.m in Sources */,
				EB3E96872181C7A9003CE3DB /* JUURLCache.m in Sources */,
				EBF9F2A02179B111002FEC0E /* FFactoryYoutiao.m in Sources */,
				EBA616A42182E15E00F5E1AB /* JuCollectionViewFlowLayout.m in Sources */,
				EBAC0D52216C443C00B610B1 /* TestView.m in Sources */,
				EBD0ADF12159C93E00605EE0 /* JuRunLoop.m in Sources */,
				EBD0ADF7215A03B200605EE0 /* JuNextViewController.m in Sources */,
				EB599403219D57210029AFE3 /* UIView+JuConstraint.m in Sources */,
				EBBEC76C217094EA003EEE50 /* WeakScriptMessageDelegate.m in Sources */,
				EB88D43E2154DBD800BA082B /* JuFirstView.m in Sources */,
				EBBEC75921708A38003EEE50 /* JuWebViewController.m in Sources */,
				EB599402219D57210029AFE3 /* JuLayout.m in Sources */,
				EBD0AE05215A29D100605EE0 /* UIImage+HWCorner.m in Sources */,
				EBAC0D54216C443C00B610B1 /* JuDrawPumpkin.m in Sources */,
				EBBEC74C21707CAA003EEE50 /* JuDetailViewController.m in Sources */,
				EBF9F28B2179AB66002FEC0E /* FFOperationMantou.m in Sources */,
				EBF9F26D2179A9E5002FEC0E /* SFOperation.m in Sources */,
				EBCC8175219AB85E003A7604 /* JuWaterFolwLayout.m in Sources */,
				EBA616A12182E14200F5E1AB /* JUCollectionViewLayout.m in Sources */,
			);
			runOnlyForDeploymentPostprocessing = 0;
		};
/* End PBXSourcesBuildPhase section */

/* Begin PBXVariantGroup section */
		EB88D4292154C29000BA082B /* Main.storyboard */ = {
			isa = PBXVariantGroup;
			children = (
				EB88D42A2154C29000BA082B /* Base */,
			);
			name = Main.storyboard;
			sourceTree = "<group>";
		};
		EB88D42E2154C29200BA082B /* LaunchScreen.storyboard */ = {
			isa = PBXVariantGroup;
			children = (
				EB88D42F2154C29200BA082B /* Base */,
			);
			name = LaunchScreen.storyboard;
			sourceTree = "<group>";
		};
/* End PBXVariantGroup section */

/* Begin XCBuildConfiguration section */
		EB88D4342154C29200BA082B /* Debug */ = {
			isa = XCBuildConfiguration;
			buildSettings = {
				ALWAYS_SEARCH_USER_PATHS = NO;
				CLANG_ANALYZER_NONNULL = YES;
				CLANG_ANALYZER_NUMBER_OBJECT_CONVERSION = YES_AGGRESSIVE;
				CLANG_CXX_LANGUAGE_STANDARD = "gnu++14";
				CLANG_CXX_LIBRARY = "libc++";
				CLANG_ENABLE_MODULES = YES;
				CLANG_ENABLE_OBJC_ARC = YES;
				CLANG_ENABLE_OBJC_WEAK = YES;
				CLANG_WARN_BLOCK_CAPTURE_AUTORELEASING = YES;
				CLANG_WARN_BOOL_CONVERSION = YES;
				CLANG_WARN_COMMA = YES;
				CLANG_WARN_CONSTANT_CONVERSION = YES;
				CLANG_WARN_DEPRECATED_OBJC_IMPLEMENTATIONS = YES;
				CLANG_WARN_DIRECT_OBJC_ISA_USAGE = YES_ERROR;
				CLANG_WARN_DOCUMENTATION_COMMENTS = YES;
				CLANG_WARN_EMPTY_BODY = YES;
				CLANG_WARN_ENUM_CONVERSION = YES;
				CLANG_WARN_INFINITE_RECURSION = YES;
				CLANG_WARN_INT_CONVERSION = YES;
				CLANG_WARN_NON_LITERAL_NULL_CONVERSION = YES;
				CLANG_WARN_OBJC_IMPLICIT_RETAIN_SELF = YES;
				CLANG_WARN_OBJC_LITERAL_CONVERSION = YES;
				CLANG_WARN_OBJC_ROOT_CLASS = YES_ERROR;
				CLANG_WARN_RANGE_LOOP_ANALYSIS = YES;
				CLANG_WARN_STRICT_PROTOTYPES = YES;
				CLANG_WARN_SUSPICIOUS_MOVE = YES;
				CLANG_WARN_UNGUARDED_AVAILABILITY = YES_AGGRESSIVE;
				CLANG_WARN_UNREACHABLE_CODE = YES;
				CLANG_WARN__DUPLICATE_METHOD_MATCH = YES;
				CODE_SIGN_IDENTITY = "iPhone Developer";
				COPY_PHASE_STRIP = NO;
				DEBUG_INFORMATION_FORMAT = dwarf;
				ENABLE_STRICT_OBJC_MSGSEND = YES;
				ENABLE_TESTABILITY = YES;
				GCC_C_LANGUAGE_STANDARD = gnu11;
				GCC_DYNAMIC_NO_PIC = NO;
				GCC_NO_COMMON_BLOCKS = YES;
				GCC_OPTIMIZATION_LEVEL = 0;
				GCC_PREPROCESSOR_DEFINITIONS = (
					"DEBUG=1",
					"$(inherited)",
				);
				GCC_WARN_64_TO_32_BIT_CONVERSION = YES;
				GCC_WARN_ABOUT_RETURN_TYPE = YES_ERROR;
				GCC_WARN_UNDECLARED_SELECTOR = YES;
				GCC_WARN_UNINITIALIZED_AUTOS = YES_AGGRESSIVE;
				GCC_WARN_UNUSED_FUNCTION = YES;
				GCC_WARN_UNUSED_VARIABLE = YES;
				IPHONEOS_DEPLOYMENT_TARGET = 11.4;
				LD_GENERATE_MAP_FILE = YES;
				MTL_ENABLE_DEBUG_INFO = YES;
				ONLY_ACTIVE_ARCH = YES;
				SDKROOT = iphoneos;
			};
			name = Debug;
		};
		EB88D4352154C29200BA082B /* Release */ = {
			isa = XCBuildConfiguration;
			buildSettings = {
				ALWAYS_SEARCH_USER_PATHS = NO;
				CLANG_ANALYZER_NONNULL = YES;
				CLANG_ANALYZER_NUMBER_OBJECT_CONVERSION = YES_AGGRESSIVE;
				CLANG_CXX_LANGUAGE_STANDARD = "gnu++14";
				CLANG_CXX_LIBRARY = "libc++";
				CLANG_ENABLE_MODULES = YES;
				CLANG_ENABLE_OBJC_ARC = YES;
				CLANG_ENABLE_OBJC_WEAK = YES;
				CLANG_WARN_BLOCK_CAPTURE_AUTORELEASING = YES;
				CLANG_WARN_BOOL_CONVERSION = YES;
				CLANG_WARN_COMMA = YES;
				CLANG_WARN_CONSTANT_CONVERSION = YES;
				CLANG_WARN_DEPRECATED_OBJC_IMPLEMENTATIONS = YES;
				CLANG_WARN_DIRECT_OBJC_ISA_USAGE = YES_ERROR;
				CLANG_WARN_DOCUMENTATION_COMMENTS = YES;
				CLANG_WARN_EMPTY_BODY = YES;
				CLANG_WARN_ENUM_CONVERSION = YES;
				CLANG_WARN_INFINITE_RECURSION = YES;
				CLANG_WARN_INT_CONVERSION = YES;
				CLANG_WARN_NON_LITERAL_NULL_CONVERSION = YES;
				CLANG_WARN_OBJC_IMPLICIT_RETAIN_SELF = YES;
				CLANG_WARN_OBJC_LITERAL_CONVERSION = YES;
				CLANG_WARN_OBJC_ROOT_CLASS = YES_ERROR;
				CLANG_WARN_RANGE_LOOP_ANALYSIS = YES;
				CLANG_WARN_STRICT_PROTOTYPES = YES;
				CLANG_WARN_SUSPICIOUS_MOVE = YES;
				CLANG_WARN_UNGUARDED_AVAILABILITY = YES_AGGRESSIVE;
				CLANG_WARN_UNREACHABLE_CODE = YES;
				CLANG_WARN__DUPLICATE_METHOD_MATCH = YES;
				CODE_SIGN_IDENTITY = "iPhone Developer";
				COPY_PHASE_STRIP = NO;
				DEBUG_INFORMATION_FORMAT = "dwarf-with-dsym";
				ENABLE_NS_ASSERTIONS = NO;
				ENABLE_STRICT_OBJC_MSGSEND = YES;
				GCC_C_LANGUAGE_STANDARD = gnu11;
				GCC_NO_COMMON_BLOCKS = YES;
				GCC_WARN_64_TO_32_BIT_CONVERSION = YES;
				GCC_WARN_ABOUT_RETURN_TYPE = YES_ERROR;
				GCC_WARN_UNDECLARED_SELECTOR = YES;
				GCC_WARN_UNINITIALIZED_AUTOS = YES_AGGRESSIVE;
				GCC_WARN_UNUSED_FUNCTION = YES;
				GCC_WARN_UNUSED_VARIABLE = YES;
				IPHONEOS_DEPLOYMENT_TARGET = 11.4;
				LD_GENERATE_MAP_FILE = YES;
				MTL_ENABLE_DEBUG_INFO = NO;
				SDKROOT = iphoneos;
				VALIDATE_PRODUCT = YES;
			};
			name = Release;
		};
		EB88D4372154C29200BA082B /* Debug */ = {
			isa = XCBuildConfiguration;
			buildSettings = {
				ASSETCATALOG_COMPILER_APPICON_NAME = AppIcon;
				CODE_SIGN_STYLE = Manual;
				DEVELOPMENT_TEAM = 3Y5SHRC9L9;
				INFOPLIST_FILE = JuTestTest/Info.plist;
				LD_RUNPATH_SEARCH_PATHS = (
					"$(inherited)",
					"@executable_path/Frameworks",
				);
				PRODUCT_BUNDLE_IDENTIFIER = com.aifubao.JuTestTest;
				PRODUCT_NAME = "$(TARGET_NAME)";
				PROVISIONING_PROFILE = "65216560-c834-4627-a95c-2df157bcde88";
				PROVISIONING_PROFILE_SPECIFIER = TestAll;
				TARGETED_DEVICE_FAMILY = "1,2";
			};
			name = Debug;
		};
		EB88D4382154C29200BA082B /* Release */ = {
			isa = XCBuildConfiguration;
			buildSettings = {
				ASSETCATALOG_COMPILER_APPICON_NAME = AppIcon;
				CODE_SIGN_STYLE = Manual;
				DEVELOPMENT_TEAM = "";
				INFOPLIST_FILE = JuTestTest/Info.plist;
				LD_RUNPATH_SEARCH_PATHS = (
					"$(inherited)",
					"@executable_path/Frameworks",
				);
				PRODUCT_BUNDLE_IDENTIFIER = com.aifubao.JuTestTest;
				PRODUCT_NAME = "$(TARGET_NAME)";
				PROVISIONING_PROFILE_SPECIFIER = "";
				TARGETED_DEVICE_FAMILY = "1,2";
			};
			name = Release;
		};
/* End XCBuildConfiguration section */

/* Begin XCConfigurationList section */
		EB88D41B2154C29000BA082B /* Build configuration list for PBXProject "JuTestTest" */ = {
			isa = XCConfigurationList;
			buildConfigurations = (
				EB88D4342154C29200BA082B /* Debug */,
				EB88D4352154C29200BA082B /* Release */,
			);
			defaultConfigurationIsVisible = 0;
			defaultConfigurationName = Release;
		};
		EB88D4362154C29200BA082B /* Build configuration list for PBXNativeTarget "JuTestTest" */ = {
			isa = XCConfigurationList;
			buildConfigurations = (
				EB88D4372154C29200BA082B /* Debug */,
				EB88D4382154C29200BA082B /* Release */,
			);
			defaultConfigurationIsVisible = 0;
			defaultConfigurationName = Release;
		};
/* End XCConfigurationList section */
	};
	rootObject = EB88D4182154C29000BA082B /* Project object */;
}
